// !$*UTF8*$!
{
	archiveVersion = 1;
	classes = {
	};
	objectVersion = 55;
	objects = {

/* Begin PBXBuildFile section */
		1F5C79DB27B248140081D3E0 /* GlobalExtensionsTests.swift in Sources */ = {isa = PBXBuildFile; fileRef = 1F5C79DA27B248140081D3E0 /* GlobalExtensionsTests.swift */; };
		1F5C79DD27B253570081D3E0 /* RepositoryListVCTests.swift in Sources */ = {isa = PBXBuildFile; fileRef = 1F5C79DC27B253570081D3E0 /* RepositoryListVCTests.swift */; };
		1F5DB49A27AFF8BF000F0359 /* EmptyResponseCell.swift in Sources */ = {isa = PBXBuildFile; fileRef = 1F5DB49827AFF8BF000F0359 /* EmptyResponseCell.swift */; };
		1F5DB49B27AFF8BF000F0359 /* EmptyResponseCell.xib in Resources */ = {isa = PBXBuildFile; fileRef = 1F5DB49927AFF8BF000F0359 /* EmptyResponseCell.xib */; };
		1F7F3D1B27AD40C000EE1324 /* AppDelegate.swift in Sources */ = {isa = PBXBuildFile; fileRef = 1F7F3D1A27AD40C000EE1324 /* AppDelegate.swift */; };
		1F7F3D1D27AD40C000EE1324 /* SceneDelegate.swift in Sources */ = {isa = PBXBuildFile; fileRef = 1F7F3D1C27AD40C000EE1324 /* SceneDelegate.swift */; };
		1F7F3D1F27AD40C000EE1324 /* SearchVC.swift in Sources */ = {isa = PBXBuildFile; fileRef = 1F7F3D1E27AD40C000EE1324 /* SearchVC.swift */; };
		1F7F3D2227AD40C000EE1324 /* Main.storyboard in Resources */ = {isa = PBXBuildFile; fileRef = 1F7F3D2027AD40C000EE1324 /* Main.storyboard */; };
		1F7F3D2427AD40C300EE1324 /* Assets.xcassets in Resources */ = {isa = PBXBuildFile; fileRef = 1F7F3D2327AD40C300EE1324 /* Assets.xcassets */; };
		1F7F3D2727AD40C300EE1324 /* LaunchScreen.storyboard in Resources */ = {isa = PBXBuildFile; fileRef = 1F7F3D2527AD40C300EE1324 /* LaunchScreen.storyboard */; };
		1F7F3D4C27AD42C900EE1324 /* Alamofire in Frameworks */ = {isa = PBXBuildFile; productRef = 1F7F3D4B27AD42C900EE1324 /* Alamofire */; };
		1F7F3D4E27AD69CC00EE1324 /* RepositoryModel.swift in Sources */ = {isa = PBXBuildFile; fileRef = 1F7F3D4D27AD69CC00EE1324 /* RepositoryModel.swift */; };
		1F7F3D5027AD834C00EE1324 /* RepositoryCell.swift in Sources */ = {isa = PBXBuildFile; fileRef = 1F7F3D4F27AD834C00EE1324 /* RepositoryCell.swift */; };
		1F7F3D5227AD874200EE1324 /* RepositoryListVC.swift in Sources */ = {isa = PBXBuildFile; fileRef = 1F7F3D5127AD874100EE1324 /* RepositoryListVC.swift */; };
		1F7F3D5427AD87F600EE1324 /* Constants.swift in Sources */ = {isa = PBXBuildFile; fileRef = 1F7F3D5327AD87F600EE1324 /* Constants.swift */; };
		1F8582CE27AE9B1100144710 /* IssuesModel.swift in Sources */ = {isa = PBXBuildFile; fileRef = 1F8582CD27AE9B1100144710 /* IssuesModel.swift */; };
		1F8582D127AEA23A00144710 /* IssueCell.swift in Sources */ = {isa = PBXBuildFile; fileRef = 1F8582CF27AEA23A00144710 /* IssueCell.swift */; };
		1F8582D227AEA23A00144710 /* IssueCell.xib in Resources */ = {isa = PBXBuildFile; fileRef = 1F8582D027AEA23A00144710 /* IssueCell.xib */; };
		1F8582D427AEAE2900144710 /* PullsModel.swift in Sources */ = {isa = PBXBuildFile; fileRef = 1F8582D327AEAE2900144710 /* PullsModel.swift */; };
		1F8582D727AEB40700144710 /* PullRequestCell.swift in Sources */ = {isa = PBXBuildFile; fileRef = 1F8582D527AEB40600144710 /* PullRequestCell.swift */; };
		1F8582D827AEB40700144710 /* PullRequestCell.xib in Resources */ = {isa = PBXBuildFile; fileRef = 1F8582D627AEB40700144710 /* PullRequestCell.xib */; };
		1F8B329527ADAC9F0002653F /* RepositoryDetailsVC.swift in Sources */ = {isa = PBXBuildFile; fileRef = 1F8B329427ADAC9F0002653F /* RepositoryDetailsVC.swift */; };
		1F8B329727ADB3E50002653F /* APIService.swift in Sources */ = {isa = PBXBuildFile; fileRef = 1F8B329627ADB3E50002653F /* APIService.swift */; };
		1FB3993427B0A0BE00DC2FBE /* RepositoryDetailsTableViewExtension.swift in Sources */ = {isa = PBXBuildFile; fileRef = 1FB3993327B0A0BE00DC2FBE /* RepositoryDetailsTableViewExtension.swift */; };
		1FB3993627B0A13500DC2FBE /* Extensions.swift in Sources */ = {isa = PBXBuildFile; fileRef = 1FB3993527B0A13500DC2FBE /* Extensions.swift */; };
		1FB3993927B0A50900DC2FBE /* RepositoryListsTableViewExtension.swift in Sources */ = {isa = PBXBuildFile; fileRef = 1FB3993827B0A50900DC2FBE /* RepositoryListsTableViewExtension.swift */; };
		1FB3993B27B0A59000DC2FBE /* RepositoryListSearchBarExtension.swift in Sources */ = {isa = PBXBuildFile; fileRef = 1FB3993A27B0A59000DC2FBE /* RepositoryListSearchBarExtension.swift */; };
/* End PBXBuildFile section */

/* Begin PBXContainerItemProxy section */
		1F7F3D2E27AD40C300EE1324 /* PBXContainerItemProxy */ = {
			isa = PBXContainerItemProxy;
			containerPortal = 1F7F3D0F27AD40C000EE1324 /* Project object */;
			proxyType = 1;
			remoteGlobalIDString = 1F7F3D1627AD40C000EE1324;
			remoteInfo = GitOlek;
		};
/* End PBXContainerItemProxy section */

/* Begin PBXFileReference section */
		1F5C79DA27B248140081D3E0 /* GlobalExtensionsTests.swift */ = {isa = PBXFileReference; lastKnownFileType = sourcecode.swift; path = GlobalExtensionsTests.swift; sourceTree = "<group>"; };
		1F5C79DC27B253570081D3E0 /* RepositoryListVCTests.swift */ = {isa = PBXFileReference; lastKnownFileType = sourcecode.swift; path = RepositoryListVCTests.swift; sourceTree = "<group>"; };
		1F5DB49827AFF8BF000F0359 /* EmptyResponseCell.swift */ = {isa = PBXFileReference; lastKnownFileType = sourcecode.swift; path = EmptyResponseCell.swift; sourceTree = "<group>"; };
		1F5DB49927AFF8BF000F0359 /* EmptyResponseCell.xib */ = {isa = PBXFileReference; lastKnownFileType = file.xib; path = EmptyResponseCell.xib; sourceTree = "<group>"; };
		1F7F3D1727AD40C000EE1324 /* GitOlek.app */ = {isa = PBXFileReference; explicitFileType = wrapper.application; includeInIndex = 0; path = GitOlek.app; sourceTree = BUILT_PRODUCTS_DIR; };
		1F7F3D1A27AD40C000EE1324 /* AppDelegate.swift */ = {isa = PBXFileReference; lastKnownFileType = sourcecode.swift; path = AppDelegate.swift; sourceTree = "<group>"; };
		1F7F3D1C27AD40C000EE1324 /* SceneDelegate.swift */ = {isa = PBXFileReference; lastKnownFileType = sourcecode.swift; path = SceneDelegate.swift; sourceTree = "<group>"; };
		1F7F3D1E27AD40C000EE1324 /* SearchVC.swift */ = {isa = PBXFileReference; lastKnownFileType = sourcecode.swift; path = SearchVC.swift; sourceTree = "<group>"; };
		1F7F3D2127AD40C000EE1324 /* Base */ = {isa = PBXFileReference; lastKnownFileType = file.storyboard; name = Base; path = Base.lproj/Main.storyboard; sourceTree = "<group>"; };
		1F7F3D2327AD40C300EE1324 /* Assets.xcassets */ = {isa = PBXFileReference; lastKnownFileType = folder.assetcatalog; path = Assets.xcassets; sourceTree = "<group>"; };
		1F7F3D2627AD40C300EE1324 /* Base */ = {isa = PBXFileReference; lastKnownFileType = file.storyboard; name = Base; path = Base.lproj/LaunchScreen.storyboard; sourceTree = "<group>"; };
		1F7F3D2827AD40C300EE1324 /* Info.plist */ = {isa = PBXFileReference; lastKnownFileType = text.plist.xml; path = Info.plist; sourceTree = "<group>"; };
		1F7F3D2D27AD40C300EE1324 /* GitOlekTests.xctest */ = {isa = PBXFileReference; explicitFileType = wrapper.cfbundle; includeInIndex = 0; path = GitOlekTests.xctest; sourceTree = BUILT_PRODUCTS_DIR; };
		1F7F3D4D27AD69CC00EE1324 /* RepositoryModel.swift */ = {isa = PBXFileReference; lastKnownFileType = sourcecode.swift; path = RepositoryModel.swift; sourceTree = "<group>"; };
		1F7F3D4F27AD834C00EE1324 /* RepositoryCell.swift */ = {isa = PBXFileReference; lastKnownFileType = sourcecode.swift; path = RepositoryCell.swift; sourceTree = "<group>"; };
		1F7F3D5127AD874100EE1324 /* RepositoryListVC.swift */ = {isa = PBXFileReference; lastKnownFileType = sourcecode.swift; path = RepositoryListVC.swift; sourceTree = "<group>"; };
		1F7F3D5327AD87F600EE1324 /* Constants.swift */ = {isa = PBXFileReference; lastKnownFileType = sourcecode.swift; path = Constants.swift; sourceTree = "<group>"; };
		1F8582CD27AE9B1100144710 /* IssuesModel.swift */ = {isa = PBXFileReference; lastKnownFileType = sourcecode.swift; path = IssuesModel.swift; sourceTree = "<group>"; };
		1F8582CF27AEA23A00144710 /* IssueCell.swift */ = {isa = PBXFileReference; lastKnownFileType = sourcecode.swift; path = IssueCell.swift; sourceTree = "<group>"; };
		1F8582D027AEA23A00144710 /* IssueCell.xib */ = {isa = PBXFileReference; lastKnownFileType = file.xib; path = IssueCell.xib; sourceTree = "<group>"; };
		1F8582D327AEAE2900144710 /* PullsModel.swift */ = {isa = PBXFileReference; lastKnownFileType = sourcecode.swift; path = PullsModel.swift; sourceTree = "<group>"; };
		1F8582D527AEB40600144710 /* PullRequestCell.swift */ = {isa = PBXFileReference; lastKnownFileType = sourcecode.swift; path = PullRequestCell.swift; sourceTree = "<group>"; };
		1F8582D627AEB40700144710 /* PullRequestCell.xib */ = {isa = PBXFileReference; lastKnownFileType = file.xib; path = PullRequestCell.xib; sourceTree = "<group>"; };
		1F8B329427ADAC9F0002653F /* RepositoryDetailsVC.swift */ = {isa = PBXFileReference; lastKnownFileType = sourcecode.swift; path = RepositoryDetailsVC.swift; sourceTree = "<group>"; };
		1F8B329627ADB3E50002653F /* APIService.swift */ = {isa = PBXFileReference; lastKnownFileType = sourcecode.swift; path = APIService.swift; sourceTree = "<group>"; };
		1FB3993327B0A0BE00DC2FBE /* RepositoryDetailsTableViewExtension.swift */ = {isa = PBXFileReference; lastKnownFileType = sourcecode.swift; path = RepositoryDetailsTableViewExtension.swift; sourceTree = "<group>"; };
		1FB3993527B0A13500DC2FBE /* Extensions.swift */ = {isa = PBXFileReference; lastKnownFileType = sourcecode.swift; path = Extensions.swift; sourceTree = "<group>"; };
		1FB3993827B0A50900DC2FBE /* RepositoryListsTableViewExtension.swift */ = {isa = PBXFileReference; lastKnownFileType = sourcecode.swift; path = RepositoryListsTableViewExtension.swift; sourceTree = "<group>"; };
		1FB3993A27B0A59000DC2FBE /* RepositoryListSearchBarExtension.swift */ = {isa = PBXFileReference; lastKnownFileType = sourcecode.swift; path = RepositoryListSearchBarExtension.swift; sourceTree = "<group>"; };
/* End PBXFileReference section */

/* Begin PBXFrameworksBuildPhase section */
		1F7F3D1427AD40C000EE1324 /* Frameworks */ = {
			isa = PBXFrameworksBuildPhase;
			buildActionMask = 2147483647;
			files = (
				1F7F3D4C27AD42C900EE1324 /* Alamofire in Frameworks */,
			);
			runOnlyForDeploymentPostprocessing = 0;
		};
		1F7F3D2A27AD40C300EE1324 /* Frameworks */ = {
			isa = PBXFrameworksBuildPhase;
			buildActionMask = 2147483647;
			files = (
			);
			runOnlyForDeploymentPostprocessing = 0;
		};
/* End PBXFrameworksBuildPhase section */

/* Begin PBXGroup section */
		1F5DB49727AFD4AB000F0359 /* Controllers */ = {
			isa = PBXGroup;
			children = (
				1F7F3D1E27AD40C000EE1324 /* SearchVC.swift */,
				1FB3993727B0A4D200DC2FBE /* RepositoryLists */,
				1FB3993227B0A09500DC2FBE /* RepositoryDetails */,
			);
			path = Controllers;
			sourceTree = "<group>";
		};
		1F7F3D0E27AD40C000EE1324 = {
			isa = PBXGroup;
			children = (
				1F7F3D1927AD40C000EE1324 /* GitOlek */,
				1F7F3D3027AD40C300EE1324 /* GitOlekTests */,
				1F7F3D1827AD40C000EE1324 /* Products */,
			);
			sourceTree = "<group>";
		};
		1F7F3D1827AD40C000EE1324 /* Products */ = {
			isa = PBXGroup;
			children = (
				1F7F3D1727AD40C000EE1324 /* GitOlek.app */,
				1F7F3D2D27AD40C300EE1324 /* GitOlekTests.xctest */,
			);
			name = Products;
			sourceTree = "<group>";
		};
		1F7F3D1927AD40C000EE1324 /* GitOlek */ = {
			isa = PBXGroup;
			children = (
				1F8B329627ADB3E50002653F /* APIService.swift */,
				1FB3993527B0A13500DC2FBE /* Extensions.swift */,
				1FD497B927AF3D570052578B /* Models */,
				1FD497B827AF3D2C0052578B /* Views */,
				1F5DB49727AFD4AB000F0359 /* Controllers */,
				1F7F3D1A27AD40C000EE1324 /* AppDelegate.swift */,
				1F7F3D1C27AD40C000EE1324 /* SceneDelegate.swift */,
				1F7F3D2327AD40C300EE1324 /* Assets.xcassets */,
				1F7F3D2527AD40C300EE1324 /* LaunchScreen.storyboard */,
				1F7F3D2827AD40C300EE1324 /* Info.plist */,
			);
			path = GitOlek;
			sourceTree = "<group>";
		};
		1F7F3D3027AD40C300EE1324 /* GitOlekTests */ = {
			isa = PBXGroup;
			children = (
				1F5C79DA27B248140081D3E0 /* GlobalExtensionsTests.swift */,
				1F5C79DC27B253570081D3E0 /* RepositoryListVCTests.swift */,
			);
			path = GitOlekTests;
			sourceTree = "<group>";
		};
		1FB3993227B0A09500DC2FBE /* RepositoryDetails */ = {
			isa = PBXGroup;
			children = (
				1F8B329427ADAC9F0002653F /* RepositoryDetailsVC.swift */,
				1FB3993327B0A0BE00DC2FBE /* RepositoryDetailsTableViewExtension.swift */,
			);
			path = RepositoryDetails;
			sourceTree = "<group>";
		};
		1FB3993727B0A4D200DC2FBE /* RepositoryLists */ = {
			isa = PBXGroup;
			children = (
				1F7F3D5127AD874100EE1324 /* RepositoryListVC.swift */,
				1FB3993827B0A50900DC2FBE /* RepositoryListsTableViewExtension.swift */,
				1FB3993A27B0A59000DC2FBE /* RepositoryListSearchBarExtension.swift */,
			);
			path = RepositoryLists;
			sourceTree = "<group>";
		};
		1FD497B827AF3D2C0052578B /* Views */ = {
			isa = PBXGroup;
			children = (
				1F7F3D4F27AD834C00EE1324 /* RepositoryCell.swift */,
				1F7F3D2027AD40C000EE1324 /* Main.storyboard */,
				1F8582CF27AEA23A00144710 /* IssueCell.swift */,
				1F8582D027AEA23A00144710 /* IssueCell.xib */,
				1F8582D527AEB40600144710 /* PullRequestCell.swift */,
				1F8582D627AEB40700144710 /* PullRequestCell.xib */,
				1F5DB49827AFF8BF000F0359 /* EmptyResponseCell.swift */,
				1F5DB49927AFF8BF000F0359 /* EmptyResponseCell.xib */,
			);
			path = Views;
			sourceTree = "<group>";
		};
		1FD497B927AF3D570052578B /* Models */ = {
			isa = PBXGroup;
			children = (
				1F7F3D5327AD87F600EE1324 /* Constants.swift */,
				1F7F3D4D27AD69CC00EE1324 /* RepositoryModel.swift */,
				1F8582D327AEAE2900144710 /* PullsModel.swift */,
				1F8582CD27AE9B1100144710 /* IssuesModel.swift */,
			);
			path = Models;
			sourceTree = "<group>";
		};
/* End PBXGroup section */

/* Begin PBXNativeTarget section */
		1F7F3D1627AD40C000EE1324 /* GitOlek */ = {
			isa = PBXNativeTarget;
			buildConfigurationList = 1F7F3D4127AD40C300EE1324 /* Build configuration list for PBXNativeTarget "GitOlek" */;
			buildPhases = (
				1F7F3D1327AD40C000EE1324 /* Sources */,
				1F7F3D1427AD40C000EE1324 /* Frameworks */,
				1F7F3D1527AD40C000EE1324 /* Resources */,
			);
			buildRules = (
			);
			dependencies = (
			);
			name = GitOlek;
			packageProductDependencies = (
				1F7F3D4B27AD42C900EE1324 /* Alamofire */,
			);
			productName = GitOlek;
			productReference = 1F7F3D1727AD40C000EE1324 /* GitOlek.app */;
			productType = "com.apple.product-type.application";
		};
		1F7F3D2C27AD40C300EE1324 /* GitOlekTests */ = {
			isa = PBXNativeTarget;
			buildConfigurationList = 1F7F3D4427AD40C300EE1324 /* Build configuration list for PBXNativeTarget "GitOlekTests" */;
			buildPhases = (
				1F7F3D2927AD40C300EE1324 /* Sources */,
				1F7F3D2A27AD40C300EE1324 /* Frameworks */,
				1F7F3D2B27AD40C300EE1324 /* Resources */,
			);
			buildRules = (
			);
			dependencies = (
				1F7F3D2F27AD40C300EE1324 /* PBXTargetDependency */,
			);
			name = GitOlekTests;
			productName = GitOlekTests;
			productReference = 1F7F3D2D27AD40C300EE1324 /* GitOlekTests.xctest */;
			productType = "com.apple.product-type.bundle.unit-test";
		};
/* End PBXNativeTarget section */

/* Begin PBXProject section */
		1F7F3D0F27AD40C000EE1324 /* Project object */ = {
			isa = PBXProject;
			attributes = {
				BuildIndependentTargetsInParallel = 1;
				LastSwiftUpdateCheck = 1320;
				LastUpgradeCheck = 1320;
				TargetAttributes = {
					1F7F3D1627AD40C000EE1324 = {
						CreatedOnToolsVersion = 13.2.1;
					};
					1F7F3D2C27AD40C300EE1324 = {
						CreatedOnToolsVersion = 13.2.1;
						TestTargetID = 1F7F3D1627AD40C000EE1324;
					};
				};
			};
			buildConfigurationList = 1F7F3D1227AD40C000EE1324 /* Build configuration list for PBXProject "GitOlek" */;
			compatibilityVersion = "Xcode 13.0";
			developmentRegion = en;
			hasScannedForEncodings = 0;
			knownRegions = (
				en,
				Base,
			);
			mainGroup = 1F7F3D0E27AD40C000EE1324;
			packageReferences = (
				1F7F3D4A27AD42C900EE1324 /* XCRemoteSwiftPackageReference "Alamofire" */,
			);
			productRefGroup = 1F7F3D1827AD40C000EE1324 /* Products */;
			projectDirPath = "";
			projectRoot = "";
			targets = (
				1F7F3D1627AD40C000EE1324 /* GitOlek */,
				1F7F3D2C27AD40C300EE1324 /* GitOlekTests */,
			);
		};
/* End PBXProject section */

/* Begin PBXResourcesBuildPhase section */
		1F7F3D1527AD40C000EE1324 /* Resources */ = {
			isa = PBXResourcesBuildPhase;
			buildActionMask = 2147483647;
			files = (
				1F7F3D2727AD40C300EE1324 /* LaunchScreen.storyboard in Resources */,
				1F7F3D2427AD40C300EE1324 /* Assets.xcassets in Resources */,
				1F7F3D2227AD40C000EE1324 /* Main.storyboard in Resources */,
				1F8582D827AEB40700144710 /* PullRequestCell.xib in Resources */,
				1F5DB49B27AFF8BF000F0359 /* EmptyResponseCell.xib in Resources */,
				1F8582D227AEA23A00144710 /* IssueCell.xib in Resources */,
			);
			runOnlyForDeploymentPostprocessing = 0;
		};
		1F7F3D2B27AD40C300EE1324 /* Resources */ = {
			isa = PBXResourcesBuildPhase;
			buildActionMask = 2147483647;
			files = (
			);
			runOnlyForDeploymentPostprocessing = 0;
		};
/* End PBXResourcesBuildPhase section */

/* Begin PBXSourcesBuildPhase section */
		1F7F3D1327AD40C000EE1324 /* Sources */ = {
			isa = PBXSourcesBuildPhase;
			buildActionMask = 2147483647;
			files = (
				1F8B329527ADAC9F0002653F /* RepositoryDetailsVC.swift in Sources */,
				1F8582D127AEA23A00144710 /* IssueCell.swift in Sources */,
				1F7F3D5027AD834C00EE1324 /* RepositoryCell.swift in Sources */,
				1F7F3D1F27AD40C000EE1324 /* SearchVC.swift in Sources */,
				1F8582D427AEAE2900144710 /* PullsModel.swift in Sources */,
				1F7F3D4E27AD69CC00EE1324 /* RepositoryModel.swift in Sources */,
				1F8B329727ADB3E50002653F /* APIService.swift in Sources */,
				1FB3993927B0A50900DC2FBE /* RepositoryListsTableViewExtension.swift in Sources */,
				1F8582D727AEB40700144710 /* PullRequestCell.swift in Sources */,
				1F5DB49A27AFF8BF000F0359 /* EmptyResponseCell.swift in Sources */,
				1F7F3D5227AD874200EE1324 /* RepositoryListVC.swift in Sources */,
				1FB3993B27B0A59000DC2FBE /* RepositoryListSearchBarExtension.swift in Sources */,
				1FB3993427B0A0BE00DC2FBE /* RepositoryDetailsTableViewExtension.swift in Sources */,
				1FB3993627B0A13500DC2FBE /* Extensions.swift in Sources */,
				1F7F3D5427AD87F600EE1324 /* Constants.swift in Sources */,
				1F7F3D1B27AD40C000EE1324 /* AppDelegate.swift in Sources */,
				1F7F3D1D27AD40C000EE1324 /* SceneDelegate.swift in Sources */,
				1F8582CE27AE9B1100144710 /* IssuesModel.swift in Sources */,
			);
			runOnlyForDeploymentPostprocessing = 0;
		};
		1F7F3D2927AD40C300EE1324 /* Sources */ = {
			isa = PBXSourcesBuildPhase;
			buildActionMask = 2147483647;
			files = (
				1F5C79DB27B248140081D3E0 /* GlobalExtensionsTests.swift in Sources */,
				1F5C79DD27B253570081D3E0 /* RepositoryListVCTests.swift in Sources */,
			);
			runOnlyForDeploymentPostprocessing = 0;
		};
/* End PBXSourcesBuildPhase section */

/* Begin PBXTargetDependency section */
		1F7F3D2F27AD40C300EE1324 /* PBXTargetDependency */ = {
			isa = PBXTargetDependency;
			target = 1F7F3D1627AD40C000EE1324 /* GitOlek */;
			targetProxy = 1F7F3D2E27AD40C300EE1324 /* PBXContainerItemProxy */;
		};
/* End PBXTargetDependency section */

/* Begin PBXVariantGroup section */
		1F7F3D2027AD40C000EE1324 /* Main.storyboard */ = {
			isa = PBXVariantGroup;
			children = (
				1F7F3D2127AD40C000EE1324 /* Base */,
			);
			name = Main.storyboard;
			sourceTree = "<group>";
		};
		1F7F3D2527AD40C300EE1324 /* LaunchScreen.storyboard */ = {
			isa = PBXVariantGroup;
			children = (
				1F7F3D2627AD40C300EE1324 /* Base */,
			);
			name = LaunchScreen.storyboard;
			sourceTree = "<group>";
		};
/* End PBXVariantGroup section */

/* Begin XCBuildConfiguration section */
		1F7F3D3F27AD40C300EE1324 /* Debug */ = {
			isa = XCBuildConfiguration;
			buildSettings = {
				ALWAYS_SEARCH_USER_PATHS = NO;
				CLANG_ANALYZER_NONNULL = YES;
				CLANG_ANALYZER_NUMBER_OBJECT_CONVERSION = YES_AGGRESSIVE;
				CLANG_CXX_LANGUAGE_STANDARD = "gnu++17";
				CLANG_CXX_LIBRARY = "libc++";
				CLANG_ENABLE_MODULES = YES;
				CLANG_ENABLE_OBJC_ARC = YES;
				CLANG_ENABLE_OBJC_WEAK = YES;
				CLANG_WARN_BLOCK_CAPTURE_AUTORELEASING = YES;
				CLANG_WARN_BOOL_CONVERSION = YES;
				CLANG_WARN_COMMA = YES;
				CLANG_WARN_CONSTANT_CONVERSION = YES;
				CLANG_WARN_DEPRECATED_OBJC_IMPLEMENTATIONS = YES;
				CLANG_WARN_DIRECT_OBJC_ISA_USAGE = YES_ERROR;
				CLANG_WARN_DOCUMENTATION_COMMENTS = YES;
				CLANG_WARN_EMPTY_BODY = YES;
				CLANG_WARN_ENUM_CONVERSION = YES;
				CLANG_WARN_INFINITE_RECURSION = YES;
				CLANG_WARN_INT_CONVERSION = YES;
				CLANG_WARN_NON_LITERAL_NULL_CONVERSION = YES;
				CLANG_WARN_OBJC_IMPLICIT_RETAIN_SELF = YES;
				CLANG_WARN_OBJC_LITERAL_CONVERSION = YES;
				CLANG_WARN_OBJC_ROOT_CLASS = YES_ERROR;
				CLANG_WARN_QUOTED_INCLUDE_IN_FRAMEWORK_HEADER = YES;
				CLANG_WARN_RANGE_LOOP_ANALYSIS = YES;
				CLANG_WARN_STRICT_PROTOTYPES = YES;
				CLANG_WARN_SUSPICIOUS_MOVE = YES;
				CLANG_WARN_UNGUARDED_AVAILABILITY = YES_AGGRESSIVE;
				CLANG_WARN_UNREACHABLE_CODE = YES;
				CLANG_WARN__DUPLICATE_METHOD_MATCH = YES;
				COPY_PHASE_STRIP = NO;
				DEBUG_INFORMATION_FORMAT = dwarf;
				ENABLE_STRICT_OBJC_MSGSEND = YES;
				ENABLE_TESTABILITY = YES;
				GCC_C_LANGUAGE_STANDARD = gnu11;
				GCC_DYNAMIC_NO_PIC = NO;
				GCC_NO_COMMON_BLOCKS = YES;
				GCC_OPTIMIZATION_LEVEL = 0;
				GCC_PREPROCESSOR_DEFINITIONS = (
					"DEBUG=1",
					"$(inherited)",
				);
				GCC_WARN_64_TO_32_BIT_CONVERSION = YES;
				GCC_WARN_ABOUT_RETURN_TYPE = YES_ERROR;
				GCC_WARN_UNDECLARED_SELECTOR = YES;
				GCC_WARN_UNINITIALIZED_AUTOS = YES_AGGRESSIVE;
				GCC_WARN_UNUSED_FUNCTION = YES;
				GCC_WARN_UNUSED_VARIABLE = YES;
				IPHONEOS_DEPLOYMENT_TARGET = 15.2;
				MTL_ENABLE_DEBUG_INFO = INCLUDE_SOURCE;
				MTL_FAST_MATH = YES;
				ONLY_ACTIVE_ARCH = YES;
				SDKROOT = iphoneos;
				SWIFT_ACTIVE_COMPILATION_CONDITIONS = DEBUG;
				SWIFT_OPTIMIZATION_LEVEL = "-Onone";
			};
			name = Debug;
		};
		1F7F3D4027AD40C300EE1324 /* Release */ = {
			isa = XCBuildConfiguration;
			buildSettings = {
				ALWAYS_SEARCH_USER_PATHS = NO;
				CLANG_ANALYZER_NONNULL = YES;
				CLANG_ANALYZER_NUMBER_OBJECT_CONVERSION = YES_AGGRESSIVE;
				CLANG_CXX_LANGUAGE_STANDARD = "gnu++17";
				CLANG_CXX_LIBRARY = "libc++";
				CLANG_ENABLE_MODULES = YES;
				CLANG_ENABLE_OBJC_ARC = YES;
				CLANG_ENABLE_OBJC_WEAK = YES;
				CLANG_WARN_BLOCK_CAPTURE_AUTORELEASING = YES;
				CLANG_WARN_BOOL_CONVERSION = YES;
				CLANG_WARN_COMMA = YES;
				CLANG_WARN_CONSTANT_CONVERSION = YES;
				CLANG_WARN_DEPRECATED_OBJC_IMPLEMENTATIONS = YES;
				CLANG_WARN_DIRECT_OBJC_ISA_USAGE = YES_ERROR;
				CLANG_WARN_DOCUMENTATION_COMMENTS = YES;
				CLANG_WARN_EMPTY_BODY = YES;
				CLANG_WARN_ENUM_CONVERSION = YES;
				CLANG_WARN_INFINITE_RECURSION = YES;
				CLANG_WARN_INT_CONVERSION = YES;
				CLANG_WARN_NON_LITERAL_NULL_CONVERSION = YES;
				CLANG_WARN_OBJC_IMPLICIT_RETAIN_SELF = YES;
				CLANG_WARN_OBJC_LITERAL_CONVERSION = YES;
				CLANG_WARN_OBJC_ROOT_CLASS = YES_ERROR;
				CLANG_WARN_QUOTED_INCLUDE_IN_FRAMEWORK_HEADER = YES;
				CLANG_WARN_RANGE_LOOP_ANALYSIS = YES;
				CLANG_WARN_STRICT_PROTOTYPES = YES;
				CLANG_WARN_SUSPICIOUS_MOVE = YES;
				CLANG_WARN_UNGUARDED_AVAILABILITY = YES_AGGRESSIVE;
				CLANG_WARN_UNREACHABLE_CODE = YES;
				CLANG_WARN__DUPLICATE_METHOD_MATCH = YES;
				COPY_PHASE_STRIP = NO;
				DEBUG_INFORMATION_FORMAT = "dwarf-with-dsym";
				ENABLE_NS_ASSERTIONS = NO;
				ENABLE_STRICT_OBJC_MSGSEND = YES;
				GCC_C_LANGUAGE_STANDARD = gnu11;
				GCC_NO_COMMON_BLOCKS = YES;
				GCC_WARN_64_TO_32_BIT_CONVERSION = YES;
				GCC_WARN_ABOUT_RETURN_TYPE = YES_ERROR;
				GCC_WARN_UNDECLARED_SELECTOR = YES;
				GCC_WARN_UNINITIALIZED_AUTOS = YES_AGGRESSIVE;
				GCC_WARN_UNUSED_FUNCTION = YES;
				GCC_WARN_UNUSED_VARIABLE = YES;
				IPHONEOS_DEPLOYMENT_TARGET = 15.2;
				MTL_ENABLE_DEBUG_INFO = NO;
				MTL_FAST_MATH = YES;
				SDKROOT = iphoneos;
				SWIFT_COMPILATION_MODE = wholemodule;
				SWIFT_OPTIMIZATION_LEVEL = "-O";
				VALIDATE_PRODUCT = YES;
			};
			name = Release;
		};
		1F7F3D4227AD40C300EE1324 /* Debug */ = {
			isa = XCBuildConfiguration;
			buildSettings = {
				ASSETCATALOG_COMPILER_APPICON_NAME = AppIcon;
				ASSETCATALOG_COMPILER_GLOBAL_ACCENT_COLOR_NAME = AccentColor;
				CODE_SIGN_STYLE = Automatic;
				CURRENT_PROJECT_VERSION = 1;
				DEVELOPMENT_TEAM = 87K6AG3XHL;
				GENERATE_INFOPLIST_FILE = YES;
				INFOPLIST_FILE = GitOlek/Info.plist;
				INFOPLIST_KEY_UIApplicationSupportsIndirectInputEvents = YES;
				INFOPLIST_KEY_UILaunchStoryboardName = LaunchScreen;
				INFOPLIST_KEY_UIMainStoryboardFile = Main;
				INFOPLIST_KEY_UISupportedInterfaceOrientations_iPad = "UIInterfaceOrientationPortrait UIInterfaceOrientationPortraitUpsideDown UIInterfaceOrientationLandscapeLeft UIInterfaceOrientationLandscapeRight";
				INFOPLIST_KEY_UISupportedInterfaceOrientations_iPhone = "UIInterfaceOrientationPortrait UIInterfaceOrientationLandscapeLeft UIInterfaceOrientationLandscapeRight";
				LD_RUNPATH_SEARCH_PATHS = (
					"$(inherited)",
					"@executable_path/Frameworks",
				);
				MARKETING_VERSION = 1.0;
				PRODUCT_BUNDLE_IDENTIFIER = com.olza.GitOlek;
				PRODUCT_NAME = "$(TARGET_NAME)";
				SWIFT_EMIT_LOC_STRINGS = YES;
				SWIFT_VERSION = 5.0;
				TARGETED_DEVICE_FAMILY = "1,2";
			};
			name = Debug;
		};
		1F7F3D4327AD40C300EE1324 /* Release */ = {
			isa = XCBuildConfiguration;
			buildSettings = {
				ASSETCATALOG_COMPILER_APPICON_NAME = AppIcon;
				ASSETCATALOG_COMPILER_GLOBAL_ACCENT_COLOR_NAME = AccentColor;
				CODE_SIGN_STYLE = Automatic;
				CURRENT_PROJECT_VERSION = 1;
				DEVELOPMENT_TEAM = 87K6AG3XHL;
				GENERATE_INFOPLIST_FILE = YES;
				INFOPLIST_FILE = GitOlek/Info.plist;
				INFOPLIST_KEY_UIApplicationSupportsIndirectInputEvents = YES;
				INFOPLIST_KEY_UILaunchStoryboardName = LaunchScreen;
				INFOPLIST_KEY_UIMainStoryboardFile = Main;
				INFOPLIST_KEY_UISupportedInterfaceOrientations_iPad = "UIInterfaceOrientationPortrait UIInterfaceOrientationPortraitUpsideDown UIInterfaceOrientationLandscapeLeft UIInterfaceOrientationLandscapeRight";
				INFOPLIST_KEY_UISupportedInterfaceOrientations_iPhone = "UIInterfaceOrientationPortrait UIInterfaceOrientationLandscapeLeft UIInterfaceOrientationLandscapeRight";
				LD_RUNPATH_SEARCH_PATHS = (
					"$(inherited)",
					"@executable_path/Frameworks",
				);
				MARKETING_VERSION = 1.0;
				PRODUCT_BUNDLE_IDENTIFIER = com.olza.GitOlek;
				PRODUCT_NAME = "$(TARGET_NAME)";
				SWIFT_EMIT_LOC_STRINGS = YES;
				SWIFT_VERSION = 5.0;
				TARGETED_DEVICE_FAMILY = "1,2";
			};
			name = Release;
		};
		1F7F3D4527AD40C300EE1324 /* Debug */ = {
			isa = XCBuildConfiguration;
			buildSettings = {
				ALWAYS_EMBED_SWIFT_STANDARD_LIBRARIES = YES;
				BUNDLE_LOADER = "$(TEST_HOST)";
				CODE_SIGN_STYLE = Automatic;
				CURRENT_PROJECT_VERSION = 1;
				DEVELOPMENT_TEAM = 87K6AG3XHL;
				GENERATE_INFOPLIST_FILE = YES;
				IPHONEOS_DEPLOYMENT_TARGET = 15.2;
				MARKETING_VERSION = 1.0;
				PRODUCT_BUNDLE_IDENTIFIER = com.olza.GitOlekTests;
				PRODUCT_NAME = "$(TARGET_NAME)";
				SWIFT_EMIT_LOC_STRINGS = NO;
				SWIFT_VERSION = 5.0;
				TARGETED_DEVICE_FAMILY = "1,2";
				TEST_HOST = "$(BUILT_PRODUCTS_DIR)/GitOlek.app/GitOlek";
			};
			name = Debug;
		};
		1F7F3D4627AD40C300EE1324 /* Release */ = {
			isa = XCBuildConfiguration;
			buildSettings = {
				ALWAYS_EMBED_SWIFT_STANDARD_LIBRARIES = YES;
				BUNDLE_LOADER = "$(TEST_HOST)";
				CODE_SIGN_STYLE = Automatic;
				CURRENT_PROJECT_VERSION = 1;
				DEVELOPMENT_TEAM = 87K6AG3XHL;
				GENERATE_INFOPLIST_FILE = YES;
				IPHONEOS_DEPLOYMENT_TARGET = 15.2;
				MARKETING_VERSION = 1.0;
				PRODUCT_BUNDLE_IDENTIFIER = com.olza.GitOlekTests;
				PRODUCT_NAME = "$(TARGET_NAME)";
				SWIFT_EMIT_LOC_STRINGS = NO;
				SWIFT_VERSION = 5.0;
				TARGETED_DEVICE_FAMILY = "1,2";
				TEST_HOST = "$(BUILT_PRODUCTS_DIR)/GitOlek.app/GitOlek";
			};
			name = Release;
		};
/* End XCBuildConfiguration section */

/* Begin XCConfigurationList section */
		1F7F3D1227AD40C000EE1324 /* Build configuration list for PBXProject "GitOlek" */ = {
			isa = XCConfigurationList;
			buildConfigurations = (
				1F7F3D3F27AD40C300EE1324 /* Debug */,
				1F7F3D4027AD40C300EE1324 /* Release */,
			);
			defaultConfigurationIsVisible = 0;
			defaultConfigurationName = Release;
		};
		1F7F3D4127AD40C300EE1324 /* Build configuration list for PBXNativeTarget "GitOlek" */ = {
			isa = XCConfigurationList;
			buildConfigurations = (
				1F7F3D4227AD40C300EE1324 /* Debug */,
				1F7F3D4327AD40C300EE1324 /* Release */,
			);
			defaultConfigurationIsVisible = 0;
			defaultConfigurationName = Release;
		};
		1F7F3D4427AD40C300EE1324 /* Build configuration list for PBXNativeTarget "GitOlekTests" */ = {
			isa = XCConfigurationList;
			buildConfigurations = (
				1F7F3D4527AD40C300EE1324 /* Debug */,
				1F7F3D4627AD40C300EE1324 /* Release */,
			);
			defaultConfigurationIsVisible = 0;
			defaultConfigurationName = Release;
		};
/* End XCConfigurationList section */

/* Begin XCRemoteSwiftPackageReference section */
		1F7F3D4A27AD42C900EE1324 /* XCRemoteSwiftPackageReference "Alamofire" */ = {
			isa = XCRemoteSwiftPackageReference;
			repositoryURL = "https://github.com/Alamofire/Alamofire";
			requirement = {
				branch = master;
				kind = branch;
			};
		};
/* End XCRemoteSwiftPackageReference section */

/* Begin XCSwiftPackageProductDependency section */
		1F7F3D4B27AD42C900EE1324 /* Alamofire */ = {
			isa = XCSwiftPackageProductDependency;
			package = 1F7F3D4A27AD42C900EE1324 /* XCRemoteSwiftPackageReference "Alamofire" */;
			productName = Alamofire;
		};
/* End XCSwiftPackageProductDependency section */
	};
	rootObject = 1F7F3D0F27AD40C000EE1324 /* Project object */;
}
